
Microsoft Visual Studio Solution File, Format Version 12.00
# Visual Studio Version 16
VisualStudioVersion = 16.0.30517.126
MinimumVisualStudioVersion = 10.0.40219.1
Project("{9A19103F-16F7-4668-BE54-9A1E7A4F7556}") = "RF.WPF", "RF.WPF\RF.WPF.csproj", "{EC08AFF7-27D0-410A-BAFF-642F52490243}"
EndProject
Global
	GlobalSection(SolutionConfigurationPlatforms) = preSolution
		Debug|Any CPU = Debug|Any CPU
		Release|Any CPU = Release|Any CPU
	EndGlobalSection
	GlobalSection(ProjectConfigurationPlatforms) = postSolution
		{EC08AFF7-27D0-410A-BAFF-642F52490243}.Debug|Any CPU.ActiveCfg = Debug|Any CPU
		{EC08AFF7-27D0-410A-BAFF-642F52490243}.Debug|Any CPU.Build.0 = Debug|Any CPU
		{EC08AFF7-27D0-410A-BAFF-642F52490243}.Release|Any CPU.ActiveCfg = Release|Any CPU
		{EC08AFF7-27D0-410A-BAFF-642F52490243}.Release|Any CPU.Build.0 = Release|Any CPU
	EndGlobalSection
	GlobalSection(SolutionProperties) = preSolution
		HideSolutionNode = FALSE
	EndGlobalSection
	GlobalSection(ExtensibilityGlobals) = postSolution
		SolutionGuid = {FB5D934A-76A1-4401-94B1-DB155881BD88}
	EndGlobalSection
EndGlobal
